
Microsoft Visual Studio Solution File, Format Version 12.00
# Visual Studio Version 17
VisualStudioVersion = 17.9.34723.18
MinimumVisualStudioVersion = 10.0.40219.1
Project("{9A19103F-16F7-4668-BE54-9A1E7A4F7556}") = "Fatura_Front", "Fatura_Front\Fatura_Front.csproj", "{C2CED78D-B0FA-4732-87AE-8A28C8F4B875}"
EndProject
Project("{54435603-DBB4-11D2-8724-00A0C9A8B90C}") = "Fatura Yazdırma", "Fatura Yazdırma\Fatura Yazdırma.vdproj", "{5F8186F3-B17F-4C3A-AC95-11364DCC43D4}"
EndProject
Global
	GlobalSection(SolutionConfigurationPlatforms) = preSolution
		Debug|Any CPU = Debug|Any CPU
		Release|Any CPU = Release|Any CPU
	EndGlobalSection
	GlobalSection(ProjectConfigurationPlatforms) = postSolution
		{C2CED78D-B0FA-4732-87AE-8A28C8F4B875}.Debug|Any CPU.ActiveCfg = Debug|Any CPU
		{C2CED78D-B0FA-4732-87AE-8A28C8F4B875}.Debug|Any CPU.Build.0 = Debug|Any CPU
		{C2CED78D-B0FA-4732-87AE-8A28C8F4B875}.Release|Any CPU.ActiveCfg = Release|Any CPU
		{C2CED78D-B0FA-4732-87AE-8A28C8F4B875}.Release|Any CPU.Build.0 = Release|Any CPU
		{5F8186F3-B17F-4C3A-AC95-11364DCC43D4}.Debug|Any CPU.ActiveCfg = Debug
		{5F8186F3-B17F-4C3A-AC95-11364DCC43D4}.Release|Any CPU.ActiveCfg = Release
	EndGlobalSection
	GlobalSection(SolutionProperties) = preSolution
		HideSolutionNode = FALSE
	EndGlobalSection
	GlobalSection(ExtensibilityGlobals) = postSolution
		SolutionGuid = {CC328B7D-7F79-4C04-BA68-0D3C2BA713C7}
	EndGlobalSection
EndGlobal
